// !$*UTF8*$!
{
	archiveVersion = 1;
	classes = {
	};
	objectVersion = 56;
	objects = {

/* Begin PBXBuildFile section */
		80E2D3B42B81341000F8C358 /* StructQueue.swift in Sources */ = {isa = PBXBuildFile; fileRef = 80E2D3B32B81341000F8C358 /* StructQueue.swift */; };
		80E2D3C12B814D1700F8C358 /* QueueTests.swift in Sources */ = {isa = PBXBuildFile; fileRef = 80E2D3C02B814D1700F8C358 /* QueueTests.swift */; };
		80E2D3C52B814D3000F8C358 /* StructQueue.swift in Sources */ = {isa = PBXBuildFile; fileRef = 80E2D3B32B81341000F8C358 /* StructQueue.swift */; };
		80E2D3C72B814EC000F8C358 /* QueueStack.swift in Sources */ = {isa = PBXBuildFile; fileRef = 80E2D3C62B814EC000F8C358 /* QueueStack.swift */; };
		80E2D3C92B8150AB00F8C358 /* QueueStackTests.swift in Sources */ = {isa = PBXBuildFile; fileRef = 80E2D3C82B8150AB00F8C358 /* QueueStackTests.swift */; };
		80E2D3CA2B8150CC00F8C358 /* QueueStack.swift in Sources */ = {isa = PBXBuildFile; fileRef = 80E2D3C62B814EC000F8C358 /* QueueStack.swift */; };
/* End PBXBuildFile section */

/* Begin PBXCopyFilesBuildPhase section */
		80E2D3AE2B81341000F8C358 /* CopyFiles */ = {
			isa = PBXCopyFilesBuildPhase;
			buildActionMask = 2147483647;
			dstPath = /usr/share/man/man1/;
			dstSubfolderSpec = 0;
			files = (
			);
			runOnlyForDeploymentPostprocessing = 1;
		};
/* End PBXCopyFilesBuildPhase section */

/* Begin PBXFileReference section */
		80E2D3B02B81341000F8C358 /* StructQueue */ = {isa = PBXFileReference; explicitFileType = "compiled.mach-o.executable"; includeInIndex = 0; path = StructQueue; sourceTree = BUILT_PRODUCTS_DIR; };
		80E2D3B32B81341000F8C358 /* StructQueue.swift */ = {isa = PBXFileReference; lastKnownFileType = sourcecode.swift; path = StructQueue.swift; sourceTree = "<group>"; };
		80E2D3BE2B814D1700F8C358 /* QueueTests.xctest */ = {isa = PBXFileReference; explicitFileType = wrapper.cfbundle; includeInIndex = 0; path = QueueTests.xctest; sourceTree = BUILT_PRODUCTS_DIR; };
		80E2D3C02B814D1700F8C358 /* QueueTests.swift */ = {isa = PBXFileReference; lastKnownFileType = sourcecode.swift; path = QueueTests.swift; sourceTree = "<group>"; };
		80E2D3C62B814EC000F8C358 /* QueueStack.swift */ = {isa = PBXFileReference; lastKnownFileType = sourcecode.swift; path = QueueStack.swift; sourceTree = "<group>"; };
		80E2D3C82B8150AB00F8C358 /* QueueStackTests.swift */ = {isa = PBXFileReference; lastKnownFileType = sourcecode.swift; path = QueueStackTests.swift; sourceTree = "<group>"; };
/* End PBXFileReference section */

/* Begin PBXFrameworksBuildPhase section */
		80E2D3AD2B81341000F8C358 /* Frameworks */ = {
			isa = PBXFrameworksBuildPhase;
			buildActionMask = 2147483647;
			files = (
			);
			runOnlyForDeploymentPostprocessing = 0;
		};
		80E2D3BB2B814D1700F8C358 /* Frameworks */ = {
			isa = PBXFrameworksBuildPhase;
			buildActionMask = 2147483647;
			files = (
			);
			runOnlyForDeploymentPostprocessing = 0;
		};
/* End PBXFrameworksBuildPhase section */

/* Begin PBXGroup section */
		80E2D3A72B81341000F8C358 = {
			isa = PBXGroup;
			children = (
				80E2D3B22B81341000F8C358 /* StructQueue */,
				80E2D3BF2B814D1700F8C358 /* QueueTests */,
				80E2D3B12B81341000F8C358 /* Products */,
			);
			sourceTree = "<group>";
		};
		80E2D3B12B81341000F8C358 /* Products */ = {
			isa = PBXGroup;
			children = (
				80E2D3B02B81341000F8C358 /* StructQueue */,
				80E2D3BE2B814D1700F8C358 /* QueueTests.xctest */,
			);
			name = Products;
			sourceTree = "<group>";
		};
		80E2D3B22B81341000F8C358 /* StructQueue */ = {
			isa = PBXGroup;
			children = (
				80E2D3B32B81341000F8C358 /* StructQueue.swift */,
				80E2D3C62B814EC000F8C358 /* QueueStack.swift */,
			);
			path = StructQueue;
			sourceTree = "<group>";
		};
		80E2D3BF2B814D1700F8C358 /* QueueTests */ = {
			isa = PBXGroup;
			children = (
				80E2D3C02B814D1700F8C358 /* QueueTests.swift */,
				80E2D3C82B8150AB00F8C358 /* QueueStackTests.swift */,
			);
			path = QueueTests;
			sourceTree = "<group>";
		};
/* End PBXGroup section */

/* Begin PBXNativeTarget section */
		80E2D3AF2B81341000F8C358 /* StructQueue */ = {
			isa = PBXNativeTarget;
			buildConfigurationList = 80E2D3B72B81341000F8C358 /* Build configuration list for PBXNativeTarget "StructQueue" */;
			buildPhases = (
				80E2D3AC2B81341000F8C358 /* Sources */,
				80E2D3AD2B81341000F8C358 /* Frameworks */,
				80E2D3AE2B81341000F8C358 /* CopyFiles */,
			);
			buildRules = (
			);
			dependencies = (
			);
			name = StructQueue;
			productName = StructQueue;
			productReference = 80E2D3B02B81341000F8C358 /* StructQueue */;
			productType = "com.apple.product-type.tool";
		};
		80E2D3BD2B814D1700F8C358 /* QueueTests */ = {
			isa = PBXNativeTarget;
			buildConfigurationList = 80E2D3C22B814D1700F8C358 /* Build configuration list for PBXNativeTarget "QueueTests" */;
			buildPhases = (
				80E2D3BA2B814D1700F8C358 /* Sources */,
				80E2D3BB2B814D1700F8C358 /* Frameworks */,
				80E2D3BC2B814D1700F8C358 /* Resources */,
			);
			buildRules = (
			);
			dependencies = (
			);
			name = QueueTests;
			productName = QueueTests;
			productReference = 80E2D3BE2B814D1700F8C358 /* QueueTests.xctest */;
			productType = "com.apple.product-type.bundle.unit-test";
		};
/* End PBXNativeTarget section */

/* Begin PBXProject section */
		80E2D3A82B81341000F8C358 /* Project object */ = {
			isa = PBXProject;
			attributes = {
				BuildIndependentTargetsInParallel = 1;
				LastSwiftUpdateCheck = 1510;
				LastUpgradeCheck = 1510;
				TargetAttributes = {
					80E2D3AF2B81341000F8C358 = {
						CreatedOnToolsVersion = 15.1;
					};
					80E2D3BD2B814D1700F8C358 = {
						CreatedOnToolsVersion = 15.1;
					};
				};
			};
			buildConfigurationList = 80E2D3AB2B81341000F8C358 /* Build configuration list for PBXProject "StructQueue" */;
			compatibilityVersion = "Xcode 14.0";
			developmentRegion = en;
			hasScannedForEncodings = 0;
			knownRegions = (
				en,
				Base,
			);
			mainGroup = 80E2D3A72B81341000F8C358;
			productRefGroup = 80E2D3B12B81341000F8C358 /* Products */;
			projectDirPath = "";
			projectRoot = "";
			targets = (
				80E2D3AF2B81341000F8C358 /* StructQueue */,
				80E2D3BD2B814D1700F8C358 /* QueueTests */,
			);
		};
/* End PBXProject section */

/* Begin PBXResourcesBuildPhase section */
		80E2D3BC2B814D1700F8C358 /* Resources */ = {
			isa = PBXResourcesBuildPhase;
			buildActionMask = 2147483647;
			files = (
			);
			runOnlyForDeploymentPostprocessing = 0;
		};
/* End PBXResourcesBuildPhase section */

/* Begin PBXSourcesBuildPhase section */
		80E2D3AC2B81341000F8C358 /* Sources */ = {
			isa = PBXSourcesBuildPhase;
			buildActionMask = 2147483647;
			files = (
				80E2D3C72B814EC000F8C358 /* QueueStack.swift in Sources */,
				80E2D3B42B81341000F8C358 /* StructQueue.swift in Sources */,
			);
			runOnlyForDeploymentPostprocessing = 0;
		};
		80E2D3BA2B814D1700F8C358 /* Sources */ = {
			isa = PBXSourcesBuildPhase;
			buildActionMask = 2147483647;
			files = (
				80E2D3CA2B8150CC00F8C358 /* QueueStack.swift in Sources */,
				80E2D3C52B814D3000F8C358 /* StructQueue.swift in Sources */,
				80E2D3C92B8150AB00F8C358 /* QueueStackTests.swift in Sources */,
				80E2D3C12B814D1700F8C358 /* QueueTests.swift in Sources */,
			);
			runOnlyForDeploymentPostprocessing = 0;
		};
/* End PBXSourcesBuildPhase section */

/* Begin XCBuildConfiguration section */
		80E2D3B52B81341000F8C358 /* Debug */ = {
			isa = XCBuildConfiguration;
			buildSettings = {
				ALWAYS_SEARCH_USER_PATHS = NO;
				ASSETCATALOG_COMPILER_GENERATE_SWIFT_ASSET_SYMBOL_EXTENSIONS = YES;
				CLANG_ANALYZER_NONNULL = YES;
				CLANG_ANALYZER_NUMBER_OBJECT_CONVERSION = YES_AGGRESSIVE;
				CLANG_CXX_LANGUAGE_STANDARD = "gnu++20";
				CLANG_ENABLE_MODULES = YES;
				CLANG_ENABLE_OBJC_ARC = YES;
				CLANG_ENABLE_OBJC_WEAK = YES;
				CLANG_WARN_BLOCK_CAPTURE_AUTORELEASING = YES;
				CLANG_WARN_BOOL_CONVERSION = YES;
				CLANG_WARN_COMMA = YES;
				CLANG_WARN_CONSTANT_CONVERSION = YES;
				CLANG_WARN_DEPRECATED_OBJC_IMPLEMENTATIONS = YES;
				CLANG_WARN_DIRECT_OBJC_ISA_USAGE = YES_ERROR;
				CLANG_WARN_DOCUMENTATION_COMMENTS = YES;
				CLANG_WARN_EMPTY_BODY = YES;
				CLANG_WARN_ENUM_CONVERSION = YES;
				CLANG_WARN_INFINITE_RECURSION = YES;
				CLANG_WARN_INT_CONVERSION = YES;
				CLANG_WARN_NON_LITERAL_NULL_CONVERSION = YES;
				CLANG_WARN_OBJC_IMPLICIT_RETAIN_SELF = YES;
				CLANG_WARN_OBJC_LITERAL_CONVERSION = YES;
				CLANG_WARN_OBJC_ROOT_CLASS = YES_ERROR;
				CLANG_WARN_QUOTED_INCLUDE_IN_FRAMEWORK_HEADER = YES;
				CLANG_WARN_RANGE_LOOP_ANALYSIS = YES;
				CLANG_WARN_STRICT_PROTOTYPES = YES;
				CLANG_WARN_SUSPICIOUS_MOVE = YES;
				CLANG_WARN_UNGUARDED_AVAILABILITY = YES_AGGRESSIVE;
				CLANG_WARN_UNREACHABLE_CODE = YES;
				CLANG_WARN__DUPLICATE_METHOD_MATCH = YES;
				COPY_PHASE_STRIP = NO;
				DEBUG_INFORMATION_FORMAT = dwarf;
				ENABLE_STRICT_OBJC_MSGSEND = YES;
				ENABLE_TESTABILITY = YES;
				ENABLE_USER_SCRIPT_SANDBOXING = YES;
				GCC_C_LANGUAGE_STANDARD = gnu17;
				GCC_DYNAMIC_NO_PIC = NO;
				GCC_NO_COMMON_BLOCKS = YES;
				GCC_OPTIMIZATION_LEVEL = 0;
				GCC_PREPROCESSOR_DEFINITIONS = (
					"DEBUG=1",
					"$(inherited)",
				);
				GCC_WARN_64_TO_32_BIT_CONVERSION = YES;
				GCC_WARN_ABOUT_RETURN_TYPE = YES_ERROR;
				GCC_WARN_UNDECLARED_SELECTOR = YES;
				GCC_WARN_UNINITIALIZED_AUTOS = YES_AGGRESSIVE;
				GCC_WARN_UNUSED_FUNCTION = YES;
				GCC_WARN_UNUSED_VARIABLE = YES;
				LOCALIZATION_PREFERS_STRING_CATALOGS = YES;
				MACOSX_DEPLOYMENT_TARGET = 14.2;
				MTL_ENABLE_DEBUG_INFO = INCLUDE_SOURCE;
				MTL_FAST_MATH = YES;
				ONLY_ACTIVE_ARCH = YES;
				SDKROOT = macosx;
				SWIFT_ACTIVE_COMPILATION_CONDITIONS = "DEBUG $(inherited)";
				SWIFT_OPTIMIZATION_LEVEL = "-Onone";
			};
			name = Debug;
		};
		80E2D3B62B81341000F8C358 /* Release */ = {
			isa = XCBuildConfiguration;
			buildSettings = {
				ALWAYS_SEARCH_USER_PATHS = NO;
				ASSETCATALOG_COMPILER_GENERATE_SWIFT_ASSET_SYMBOL_EXTENSIONS = YES;
				CLANG_ANALYZER_NONNULL = YES;
				CLANG_ANALYZER_NUMBER_OBJECT_CONVERSION = YES_AGGRESSIVE;
				CLANG_CXX_LANGUAGE_STANDARD = "gnu++20";
				CLANG_ENABLE_MODULES = YES;
				CLANG_ENABLE_OBJC_ARC = YES;
				CLANG_ENABLE_OBJC_WEAK = YES;
				CLANG_WARN_BLOCK_CAPTURE_AUTORELEASING = YES;
				CLANG_WARN_BOOL_CONVERSION = YES;
				CLANG_WARN_COMMA = YES;
				CLANG_WARN_CONSTANT_CONVERSION = YES;
				CLANG_WARN_DEPRECATED_OBJC_IMPLEMENTATIONS = YES;
				CLANG_WARN_DIRECT_OBJC_ISA_USAGE = YES_ERROR;
				CLANG_WARN_DOCUMENTATION_COMMENTS = YES;
				CLANG_WARN_EMPTY_BODY = YES;
				CLANG_WARN_ENUM_CONVERSION = YES;
				CLANG_WARN_INFINITE_RECURSION = YES;
				CLANG_WARN_INT_CONVERSION = YES;
				CLANG_WARN_NON_LITERAL_NULL_CONVERSION = YES;
				CLANG_WARN_OBJC_IMPLICIT_RETAIN_SELF = YES;
				CLANG_WARN_OBJC_LITERAL_CONVERSION = YES;
				CLANG_WARN_OBJC_ROOT_CLASS = YES_ERROR;
				CLANG_WARN_QUOTED_INCLUDE_IN_FRAMEWORK_HEADER = YES;
				CLANG_WARN_RANGE_LOOP_ANALYSIS = YES;
				CLANG_WARN_STRICT_PROTOTYPES = YES;
				CLANG_WARN_SUSPICIOUS_MOVE = YES;
				CLANG_WARN_UNGUARDED_AVAILABILITY = YES_AGGRESSIVE;
				CLANG_WARN_UNREACHABLE_CODE = YES;
				CLANG_WARN__DUPLICATE_METHOD_MATCH = YES;
				COPY_PHASE_STRIP = NO;
				DEBUG_INFORMATION_FORMAT = "dwarf-with-dsym";
				ENABLE_NS_ASSERTIONS = NO;
				ENABLE_STRICT_OBJC_MSGSEND = YES;
				ENABLE_USER_SCRIPT_SANDBOXING = YES;
				GCC_C_LANGUAGE_STANDARD = gnu17;
				GCC_NO_COMMON_BLOCKS = YES;
				GCC_WARN_64_TO_32_BIT_CONVERSION = YES;
				GCC_WARN_ABOUT_RETURN_TYPE = YES_ERROR;
				GCC_WARN_UNDECLARED_SELECTOR = YES;
				GCC_WARN_UNINITIALIZED_AUTOS = YES_AGGRESSIVE;
				GCC_WARN_UNUSED_FUNCTION = YES;
				GCC_WARN_UNUSED_VARIABLE = YES;
				LOCALIZATION_PREFERS_STRING_CATALOGS = YES;
				MACOSX_DEPLOYMENT_TARGET = 14.2;
				MTL_ENABLE_DEBUG_INFO = NO;
				MTL_FAST_MATH = YES;
				SDKROOT = macosx;
				SWIFT_COMPILATION_MODE = wholemodule;
			};
			name = Release;
		};
		80E2D3B82B81341000F8C358 /* Debug */ = {
			isa = XCBuildConfiguration;
			buildSettings = {
				CODE_SIGN_STYLE = Automatic;
				DEVELOPMENT_TEAM = X6QCC36TXK;
				ENABLE_HARDENED_RUNTIME = YES;
				PRODUCT_NAME = "$(TARGET_NAME)";
				SWIFT_VERSION = 5.0;
			};
			name = Debug;
		};
		80E2D3B92B81341000F8C358 /* Release */ = {
			isa = XCBuildConfiguration;
			buildSettings = {
				CODE_SIGN_STYLE = Automatic;
				DEVELOPMENT_TEAM = X6QCC36TXK;
				ENABLE_HARDENED_RUNTIME = YES;
				PRODUCT_NAME = "$(TARGET_NAME)";
				SWIFT_VERSION = 5.0;
			};
			name = Release;
		};
		80E2D3C32B814D1700F8C358 /* Debug */ = {
			isa = XCBuildConfiguration;
			buildSettings = {
				CODE_SIGN_STYLE = Automatic;
				CURRENT_PROJECT_VERSION = 1;
				DEVELOPMENT_TEAM = X6QCC36TXK;
				GENERATE_INFOPLIST_FILE = YES;
				MARKETING_VERSION = 1.0;
				PRODUCT_BUNDLE_IDENTIFIER = com.koko6a.Algo.QueueTests;
				PRODUCT_NAME = "$(TARGET_NAME)";
				SWIFT_EMIT_LOC_STRINGS = NO;
				SWIFT_VERSION = 5.0;
			};
			name = Debug;
		};
		80E2D3C42B814D1700F8C358 /* Release */ = {
			isa = XCBuildConfiguration;
			buildSettings = {
				CODE_SIGN_STYLE = Automatic;
				CURRENT_PROJECT_VERSION = 1;
				DEVELOPMENT_TEAM = X6QCC36TXK;
				GENERATE_INFOPLIST_FILE = YES;
				MARKETING_VERSION = 1.0;
				PRODUCT_BUNDLE_IDENTIFIER = com.koko6a.Algo.QueueTests;
				PRODUCT_NAME = "$(TARGET_NAME)";
				SWIFT_EMIT_LOC_STRINGS = NO;
				SWIFT_VERSION = 5.0;
			};
			name = Release;
		};
/* End XCBuildConfiguration section */

/* Begin XCConfigurationList section */
		80E2D3AB2B81341000F8C358 /* Build configuration list for PBXProject "StructQueue" */ = {
			isa = XCConfigurationList;
			buildConfigurations = (
				80E2D3B52B81341000F8C358 /* Debug */,
				80E2D3B62B81341000F8C358 /* Release */,
			);
			defaultConfigurationIsVisible = 0;
			defaultConfigurationName = Release;
		};
		80E2D3B72B81341000F8C358 /* Build configuration list for PBXNativeTarget "StructQueue" */ = {
			isa = XCConfigurationList;
			buildConfigurations = (
				80E2D3B82B81341000F8C358 /* Debug */,
				80E2D3B92B81341000F8C358 /* Release */,
			);
			defaultConfigurationIsVisible = 0;
			defaultConfigurationName = Release;
		};
		80E2D3C22B814D1700F8C358 /* Build configuration list for PBXNativeTarget "QueueTests" */ = {
			isa = XCConfigurationList;
			buildConfigurations = (
				80E2D3C32B814D1700F8C358 /* Debug */,
				80E2D3C42B814D1700F8C358 /* Release */,
			);
			defaultConfigurationIsVisible = 0;
			defaultConfigurationName = Release;
		};
/* End XCConfigurationList section */
	};
	rootObject = 80E2D3A82B81341000F8C358 /* Project object */;
}
